// !$*UTF8*$!
{
	archiveVersion = 1;
	classes = {
	};
	objectVersion = 50;
	objects = {

/* Begin PBXBuildFile section */
		8476AC5D21004240000112FD /* AppDelegate.swift in Sources */ = {isa = PBXBuildFile; fileRef = 8476AC5C21004240000112FD /* AppDelegate.swift */; };
		8476AC5F21004240000112FD /* ToDoListViewController.swift in Sources */ = {isa = PBXBuildFile; fileRef = 8476AC5E21004240000112FD /* ToDoListViewController.swift */; };
		8476AC6221004240000112FD /* Main.storyboard in Resources */ = {isa = PBXBuildFile; fileRef = 8476AC6021004240000112FD /* Main.storyboard */; };
		8476AC6421004242000112FD /* Assets.xcassets in Resources */ = {isa = PBXBuildFile; fileRef = 8476AC6321004242000112FD /* Assets.xcassets */; };
		8476AC6721004242000112FD /* LaunchScreen.storyboard in Resources */ = {isa = PBXBuildFile; fileRef = 8476AC6521004242000112FD /* LaunchScreen.storyboard */; };
		8476AC6F2105D824000112FD /* Item.swift in Sources */ = {isa = PBXBuildFile; fileRef = 8476AC6E2105D824000112FD /* Item.swift */; };
/* End PBXBuildFile section */

/* Begin PBXFileReference section */
		8476AC5921004240000112FD /* Todooey.app */ = {isa = PBXFileReference; explicitFileType = wrapper.application; includeInIndex = 0; path = Todooey.app; sourceTree = BUILT_PRODUCTS_DIR; };
		8476AC5C21004240000112FD /* AppDelegate.swift */ = {isa = PBXFileReference; lastKnownFileType = sourcecode.swift; path = AppDelegate.swift; sourceTree = "<group>"; };
		8476AC5E21004240000112FD /* ToDoListViewController.swift */ = {isa = PBXFileReference; lastKnownFileType = sourcecode.swift; path = ToDoListViewController.swift; sourceTree = "<group>"; };
		8476AC6121004240000112FD /* Base */ = {isa = PBXFileReference; lastKnownFileType = file.storyboard; name = Base; path = Base.lproj/Main.storyboard; sourceTree = "<group>"; };
		8476AC6321004242000112FD /* Assets.xcassets */ = {isa = PBXFileReference; lastKnownFileType = folder.assetcatalog; path = Assets.xcassets; sourceTree = "<group>"; };
		8476AC6621004242000112FD /* Base */ = {isa = PBXFileReference; lastKnownFileType = file.storyboard; name = Base; path = Base.lproj/LaunchScreen.storyboard; sourceTree = "<group>"; };
		8476AC6821004242000112FD /* Info.plist */ = {isa = PBXFileReference; lastKnownFileType = text.plist.xml; path = Info.plist; sourceTree = "<group>"; };
		8476AC6E2105D824000112FD /* Item.swift */ = {isa = PBXFileReference; lastKnownFileType = sourcecode.swift; path = Item.swift; sourceTree = "<group>"; };
/* End PBXFileReference section */

/* Begin PBXFrameworksBuildPhase section */
		8476AC5621004240000112FD /* Frameworks */ = {
			isa = PBXFrameworksBuildPhase;
			buildActionMask = 2147483647;
			files = (
			);
			runOnlyForDeploymentPostprocessing = 0;
		};
/* End PBXFrameworksBuildPhase section */

/* Begin PBXGroup section */
		8476AC5021004240000112FD = {
			isa = PBXGroup;
			children = (
				8476AC5B21004240000112FD /* Todooey */,
				8476AC5A21004240000112FD /* Products */,
			);
			sourceTree = "<group>";
		};
		8476AC5A21004240000112FD /* Products */ = {
			isa = PBXGroup;
			children = (
				8476AC5921004240000112FD /* Todooey.app */,
			);
			name = Products;
			sourceTree = "<group>";
		};
		8476AC5B21004240000112FD /* Todooey */ = {
			isa = PBXGroup;
			children = (
				8476AC5C21004240000112FD /* AppDelegate.swift */,
				8476AC712105D880000112FD /* Controller */,
				8476AC702105D873000112FD /* Data Model */,
				8476AC722105D890000112FD /* Views */,
				8476AC732105D89E000112FD /* Supporting Files */,
				8476AC6821004242000112FD /* Info.plist */,
			);
			path = Todooey;
			sourceTree = "<group>";
		};
		8476AC702105D873000112FD /* Data Model */ = {
			isa = PBXGroup;
			children = (
				8476AC6E2105D824000112FD /* Item.swift */,
			);
			path = "Data Model";
			sourceTree = "<group>";
		};
		8476AC712105D880000112FD /* Controller */ = {
			isa = PBXGroup;
			children = (
				8476AC5E21004240000112FD /* ToDoListViewController.swift */,
			);
			path = Controller;
			sourceTree = "<group>";
		};
		8476AC722105D890000112FD /* Views */ = {
			isa = PBXGroup;
			children = (
				8476AC6021004240000112FD /* Main.storyboard */,
			);
			path = Views;
			sourceTree = "<group>";
		};
		8476AC732105D89E000112FD /* Supporting Files */ = {
			isa = PBXGroup;
			children = (
				8476AC6321004242000112FD /* Assets.xcassets */,
				8476AC6521004242000112FD /* LaunchScreen.storyboard */,
			);
			path = "Supporting Files";
			sourceTree = "<group>";
		};
/* End PBXGroup section */

/* Begin PBXNativeTarget section */
		8476AC5821004240000112FD /* Todooey */ = {
			isa = PBXNativeTarget;
			buildConfigurationList = 8476AC6B21004242000112FD /* Build configuration list for PBXNativeTarget "Todooey" */;
			buildPhases = (
				8476AC5521004240000112FD /* Sources */,
				8476AC5621004240000112FD /* Frameworks */,
				8476AC5721004240000112FD /* Resources */,
			);
			buildRules = (
			);
			dependencies = (
			);
			name = Todooey;
			productName = Todooey;
			productReference = 8476AC5921004240000112FD /* Todooey.app */;
			productType = "com.apple.product-type.application";
		};
/* End PBXNativeTarget section */

/* Begin PBXProject section */
		8476AC5121004240000112FD /* Project object */ = {
			isa = PBXProject;
			attributes = {
				LastSwiftUpdateCheck = 0940;
				LastUpgradeCheck = 0940;
				ORGANIZATIONNAME = "Brent Adams";
				TargetAttributes = {
					8476AC5821004240000112FD = {
						CreatedOnToolsVersion = 9.4.1;
					};
				};
			};
			buildConfigurationList = 8476AC5421004240000112FD /* Build configuration list for PBXProject "Todooey" */;
			compatibilityVersion = "Xcode 9.3";
			developmentRegion = en;
			hasScannedForEncodings = 0;
			knownRegions = (
				en,
				Base,
			);
			mainGroup = 8476AC5021004240000112FD;
			productRefGroup = 8476AC5A21004240000112FD /* Products */;
			projectDirPath = "";
			projectRoot = "";
			targets = (
				8476AC5821004240000112FD /* Todooey */,
			);
		};
/* End PBXProject section */

/* Begin PBXResourcesBuildPhase section */
		8476AC5721004240000112FD /* Resources */ = {
			isa = PBXResourcesBuildPhase;
			buildActionMask = 2147483647;
			files = (
				8476AC6721004242000112FD /* LaunchScreen.storyboard in Resources */,
				8476AC6421004242000112FD /* Assets.xcassets in Resources */,
				8476AC6221004240000112FD /* Main.storyboard in Resources */,
			);
			runOnlyForDeploymentPostprocessing = 0;
		};
/* End PBXResourcesBuildPhase section */

/* Begin PBXSourcesBuildPhase section */
		8476AC5521004240000112FD /* Sources */ = {
			isa = PBXSourcesBuildPhase;
			buildActionMask = 2147483647;
			files = (
				8476AC6F2105D824000112FD /* Item.swift in Sources */,
				8476AC5F21004240000112FD /* ToDoListViewController.swift in Sources */,
				8476AC5D21004240000112FD /* AppDelegate.swift in Sources */,
			);
			runOnlyForDeploymentPostprocessing = 0;
		};
/* End PBXSourcesBuildPhase section */

/* Begin PBXVariantGroup section */
		8476AC6021004240000112FD /* Main.storyboard */ = {
			isa = PBXVariantGroup;
			children = (
				8476AC6121004240000112FD /* Base */,
			);
			name = Main.storyboard;
			sourceTree = "<group>";
		};
		8476AC6521004242000112FD /* LaunchScreen.storyboard */ = {
			isa = PBXVariantGroup;
			children = (
				8476AC6621004242000112FD /* Base */,
			);
			name = LaunchScreen.storyboard;
			sourceTree = "<group>";
		};
/* End PBXVariantGroup section */

/* Begin XCBuildConfiguration section */
		8476AC6921004242000112FD /* Debug */ = {
			isa = XCBuildConfiguration;
			buildSettings = {
				ALWAYS_SEARCH_USER_PATHS = NO;
				CLANG_ANALYZER_NONNULL = YES;
				CLANG_ANALYZER_NUMBER_OBJECT_CONVERSION = YES_AGGRESSIVE;
				CLANG_CXX_LANGUAGE_STANDARD = "gnu++14";
				CLANG_CXX_LIBRARY = "libc++";
				CLANG_ENABLE_MODULES = YES;
				CLANG_ENABLE_OBJC_ARC = YES;
				CLANG_ENABLE_OBJC_WEAK = YES;
				CLANG_WARN_BLOCK_CAPTURE_AUTORELEASING = YES;
				CLANG_WARN_BOOL_CONVERSION = YES;
				CLANG_WARN_COMMA = YES;
				CLANG_WARN_CONSTANT_CONVERSION = YES;
				CLANG_WARN_DEPRECATED_OBJC_IMPLEMENTATIONS = YES;
				CLANG_WARN_DIRECT_OBJC_ISA_USAGE = YES_ERROR;
				CLANG_WARN_DOCUMENTATION_COMMENTS = YES;
				CLANG_WARN_EMPTY_BODY = YES;
				CLANG_WARN_ENUM_CONVERSION = YES;
				CLANG_WARN_INFINITE_RECURSION = YES;
				CLANG_WARN_INT_CONVERSION = YES;
				CLANG_WARN_NON_LITERAL_NULL_CONVERSION = YES;
				CLANG_WARN_OBJC_IMPLICIT_RETAIN_SELF = YES;
				CLANG_WARN_OBJC_LITERAL_CONVERSION = YES;
				CLANG_WARN_OBJC_ROOT_CLASS = YES_ERROR;
				CLANG_WARN_RANGE_LOOP_ANALYSIS = YES;
				CLANG_WARN_STRICT_PROTOTYPES = YES;
				CLANG_WARN_SUSPICIOUS_MOVE = YES;
				CLANG_WARN_UNGUARDED_AVAILABILITY = YES_AGGRESSIVE;
				CLANG_WARN_UNREACHABLE_CODE = YES;
				CLANG_WARN__DUPLICATE_METHOD_MATCH = YES;
				CODE_SIGN_IDENTITY = "iPhone Developer";
				COPY_PHASE_STRIP = NO;
				DEBUG_INFORMATION_FORMAT = dwarf;
				ENABLE_STRICT_OBJC_MSGSEND = YES;
				ENABLE_TESTABILITY = YES;
				GCC_C_LANGUAGE_STANDARD = gnu11;
				GCC_DYNAMIC_NO_PIC = NO;
				GCC_NO_COMMON_BLOCKS = YES;
				GCC_OPTIMIZATION_LEVEL = 0;
				GCC_PREPROCESSOR_DEFINITIONS = (
					"DEBUG=1",
					"$(inherited)",
				);
				GCC_WARN_64_TO_32_BIT_CONVERSION = YES;
				GCC_WARN_ABOUT_RETURN_TYPE = YES_ERROR;
				GCC_WARN_UNDECLARED_SELECTOR = YES;
				GCC_WARN_UNINITIALIZED_AUTOS = YES_AGGRESSIVE;
				GCC_WARN_UNUSED_FUNCTION = YES;
				GCC_WARN_UNUSED_VARIABLE = YES;
				IPHONEOS_DEPLOYMENT_TARGET = 11.4;
				MTL_ENABLE_DEBUG_INFO = YES;
				ONLY_ACTIVE_ARCH = YES;
				SDKROOT = iphoneos;
				SWIFT_ACTIVE_COMPILATION_CONDITIONS = DEBUG;
				SWIFT_OPTIMIZATION_LEVEL = "-Onone";
			};
			name = Debug;
		};
		8476AC6A21004242000112FD /* Release */ = {
			isa = XCBuildConfiguration;
			buildSettings = {
				ALWAYS_SEARCH_USER_PATHS = NO;
				CLANG_ANALYZER_NONNULL = YES;
				CLANG_ANALYZER_NUMBER_OBJECT_CONVERSION = YES_AGGRESSIVE;
				CLANG_CXX_LANGUAGE_STANDARD = "gnu++14";
				CLANG_CXX_LIBRARY = "libc++";
				CLANG_ENABLE_MODULES = YES;
				CLANG_ENABLE_OBJC_ARC = YES;
				CLANG_ENABLE_OBJC_WEAK = YES;
				CLANG_WARN_BLOCK_CAPTURE_AUTORELEASING = YES;
				CLANG_WARN_BOOL_CONVERSION = YES;
				CLANG_WARN_COMMA = YES;
				CLANG_WARN_CONSTANT_CONVERSION = YES;
				CLANG_WARN_DEPRECATED_OBJC_IMPLEMENTATIONS = YES;
				CLANG_WARN_DIRECT_OBJC_ISA_USAGE = YES_ERROR;
				CLANG_WARN_DOCUMENTATION_COMMENTS = YES;
				CLANG_WARN_EMPTY_BODY = YES;
				CLANG_WARN_ENUM_CONVERSION = YES;
				CLANG_WARN_INFINITE_RECURSION = YES;
				CLANG_WARN_INT_CONVERSION = YES;
				CLANG_WARN_NON_LITERAL_NULL_CONVERSION = YES;
				CLANG_WARN_OBJC_IMPLICIT_RETAIN_SELF = YES;
				CLANG_WARN_OBJC_LITERAL_CONVERSION = YES;
				CLANG_WARN_OBJC_ROOT_CLASS = YES_ERROR;
				CLANG_WARN_RANGE_LOOP_ANALYSIS = YES;
				CLANG_WARN_STRICT_PROTOTYPES = YES;
				CLANG_WARN_SUSPICIOUS_MOVE = YES;
				CLANG_WARN_UNGUARDED_AVAILABILITY = YES_AGGRESSIVE;
				CLANG_WARN_UNREACHABLE_CODE = YES;
				CLANG_WARN__DUPLICATE_METHOD_MATCH = YES;
				CODE_SIGN_IDENTITY = "iPhone Developer";
				COPY_PHASE_STRIP = NO;
				DEBUG_INFORMATION_FORMAT = "dwarf-with-dsym";
				ENABLE_NS_ASSERTIONS = NO;
				ENABLE_STRICT_OBJC_MSGSEND = YES;
				GCC_C_LANGUAGE_STANDARD = gnu11;
				GCC_NO_COMMON_BLOCKS = YES;
				GCC_WARN_64_TO_32_BIT_CONVERSION = YES;
				GCC_WARN_ABOUT_RETURN_TYPE = YES_ERROR;
				GCC_WARN_UNDECLARED_SELECTOR = YES;
				GCC_WARN_UNINITIALIZED_AUTOS = YES_AGGRESSIVE;
				GCC_WARN_UNUSED_FUNCTION = YES;
				GCC_WARN_UNUSED_VARIABLE = YES;
				IPHONEOS_DEPLOYMENT_TARGET = 11.4;
				MTL_ENABLE_DEBUG_INFO = NO;
				SDKROOT = iphoneos;
				SWIFT_COMPILATION_MODE = wholemodule;
				SWIFT_OPTIMIZATION_LEVEL = "-O";
				VALIDATE_PRODUCT = YES;
			};
			name = Release;
		};
		8476AC6C21004242000112FD /* Debug */ = {
			isa = XCBuildConfiguration;
			buildSettings = {
				ASSETCATALOG_COMPILER_APPICON_NAME = AppIcon;
				CODE_SIGN_STYLE = Automatic;
				DEVELOPMENT_TEAM = JN88F4JN2Q;
				INFOPLIST_FILE = Todooey/Info.plist;
				LD_RUNPATH_SEARCH_PATHS = (
					"$(inherited)",
					"@executable_path/Frameworks",
				);
				PRODUCT_BUNDLE_IDENTIFIER = com.vikingbrent.Todooey;
				PRODUCT_NAME = "$(TARGET_NAME)";
				SWIFT_VERSION = 4.0;
				TARGETED_DEVICE_FAMILY = "1,2";
			};
			name = Debug;
		};
		8476AC6D21004242000112FD /* Release */ = {
			isa = XCBuildConfiguration;
			buildSettings = {
				ASSETCATALOG_COMPILER_APPICON_NAME = AppIcon;
				CODE_SIGN_STYLE = Automatic;
				DEVELOPMENT_TEAM = JN88F4JN2Q;
				INFOPLIST_FILE = Todooey/Info.plist;
				LD_RUNPATH_SEARCH_PATHS = (
					"$(inherited)",
					"@executable_path/Frameworks",
				);
				PRODUCT_BUNDLE_IDENTIFIER = com.vikingbrent.Todooey;
				PRODUCT_NAME = "$(TARGET_NAME)";
				SWIFT_VERSION = 4.0;
				TARGETED_DEVICE_FAMILY = "1,2";
			};
			name = Release;
		};
/* End XCBuildConfiguration section */

/* Begin XCConfigurationList section */
		8476AC5421004240000112FD /* Build configuration list for PBXProject "Todooey" */ = {
			isa = XCConfigurationList;
			buildConfigurations = (
				8476AC6921004242000112FD /* Debug */,
				8476AC6A21004242000112FD /* Release */,
			);
			defaultConfigurationIsVisible = 0;
			defaultConfigurationName = Release;
		};
		8476AC6B21004242000112FD /* Build configuration list for PBXNativeTarget "Todooey" */ = {
			isa = XCConfigurationList;
			buildConfigurations = (
				8476AC6C21004242000112FD /* Debug */,
				8476AC6D21004242000112FD /* Release */,
			);
			defaultConfigurationIsVisible = 0;
			defaultConfigurationName = Release;
		};
/* End XCConfigurationList section */
	};
	rootObject = 8476AC5121004240000112FD /* Project object */;
}
